
Microsoft Visual Studio Solution File, Format Version 12.00
# Visual Studio Version 16
VisualStudioVersion = 16.0.29215.179
MinimumVisualStudioVersion = 10.0.40219.1
Project("{9A19103F-16F7-4668-BE54-9A1E7A4F7556}") = "API", "API.csproj", "{9FD172FA-2DE9-4614-ACD9-DD4E9F1420FC}"
EndProject
Project("{FAE04EC0-301F-11D3-BF4B-00C04F79EFBC}") = "API.Domain", "..\API.Domain\API.Domain.csproj", "{CCD1A60D-A5E5-43BE-89E2-F31843338C8B}"
EndProject
Project("{FAE04EC0-301F-11D3-BF4B-00C04F79EFBC}") = "API.Service", "..\API.Service\API.Service.csproj", "{450E8F43-76F6-4C1F-B218-51F3BE44081C}"
EndProject
Project("{FAE04EC0-301F-11D3-BF4B-00C04F79EFBC}") = "API.Data", "..\API.Data\API.Data.csproj", "{AF8DA134-5A2A-446D-9815-B46A7BC6D30A}"
EndProject
Project("{FAE04EC0-301F-11D3-BF4B-00C04F79EFBC}") = "API.CrossCutting", "..\API.CrossCutting\API.CrossCutting.csproj", "{C42FE02C-9531-4B7D-83BB-A32CB0A18590}"
EndProject
Global
	GlobalSection(SolutionConfigurationPlatforms) = preSolution
		Debug|Any CPU = Debug|Any CPU
		Release|Any CPU = Release|Any CPU
	EndGlobalSection
	GlobalSection(ProjectConfigurationPlatforms) = postSolution
		{9FD172FA-2DE9-4614-ACD9-DD4E9F1420FC}.Debug|Any CPU.ActiveCfg = Debug|Any CPU
		{9FD172FA-2DE9-4614-ACD9-DD4E9F1420FC}.Debug|Any CPU.Build.0 = Debug|Any CPU
		{9FD172FA-2DE9-4614-ACD9-DD4E9F1420FC}.Release|Any CPU.ActiveCfg = Release|Any CPU
		{9FD172FA-2DE9-4614-ACD9-DD4E9F1420FC}.Release|Any CPU.Build.0 = Release|Any CPU
		{CCD1A60D-A5E5-43BE-89E2-F31843338C8B}.Debug|Any CPU.ActiveCfg = Debug|Any CPU
		{CCD1A60D-A5E5-43BE-89E2-F31843338C8B}.Debug|Any CPU.Build.0 = Debug|Any CPU
		{CCD1A60D-A5E5-43BE-89E2-F31843338C8B}.Release|Any CPU.ActiveCfg = Release|Any CPU
		{CCD1A60D-A5E5-43BE-89E2-F31843338C8B}.Release|Any CPU.Build.0 = Release|Any CPU
		{450E8F43-76F6-4C1F-B218-51F3BE44081C}.Debug|Any CPU.ActiveCfg = Debug|Any CPU
		{450E8F43-76F6-4C1F-B218-51F3BE44081C}.Debug|Any CPU.Build.0 = Debug|Any CPU
		{450E8F43-76F6-4C1F-B218-51F3BE44081C}.Release|Any CPU.ActiveCfg = Release|Any CPU
		{450E8F43-76F6-4C1F-B218-51F3BE44081C}.Release|Any CPU.Build.0 = Release|Any CPU
		{AF8DA134-5A2A-446D-9815-B46A7BC6D30A}.Debug|Any CPU.ActiveCfg = Debug|Any CPU
		{AF8DA134-5A2A-446D-9815-B46A7BC6D30A}.Debug|Any CPU.Build.0 = Debug|Any CPU
		{AF8DA134-5A2A-446D-9815-B46A7BC6D30A}.Release|Any CPU.ActiveCfg = Release|Any CPU
		{AF8DA134-5A2A-446D-9815-B46A7BC6D30A}.Release|Any CPU.Build.0 = Release|Any CPU
		{C42FE02C-9531-4B7D-83BB-A32CB0A18590}.Debug|Any CPU.ActiveCfg = Debug|Any CPU
		{C42FE02C-9531-4B7D-83BB-A32CB0A18590}.Debug|Any CPU.Build.0 = Debug|Any CPU
		{C42FE02C-9531-4B7D-83BB-A32CB0A18590}.Release|Any CPU.ActiveCfg = Release|Any CPU
		{C42FE02C-9531-4B7D-83BB-A32CB0A18590}.Release|Any CPU.Build.0 = Release|Any CPU
	EndGlobalSection
	GlobalSection(SolutionProperties) = preSolution
		HideSolutionNode = FALSE
	EndGlobalSection
	GlobalSection(ExtensibilityGlobals) = postSolution
		SolutionGuid = {87B85672-44F6-49BA-B352-4629018F5FCC}
	EndGlobalSection
EndGlobal
